
Microsoft Visual Studio Solution File, Format Version 12.00
# Visual Studio Version 16
VisualStudioVersion = 25.0.1700.0
MinimumVisualStudioVersion = 10.0.40219.1
Project("{FAE04EC0-301F-11D3-BF4B-00C04F79EFBC}") = "RewardProgramAPI", "RewardProgramAPI\RewardProgramAPI.csproj", "{1E7F0613-3C12-44AE-BB31-A6F47C830B6F}"
EndProject
Project("{FAE04EC0-301F-11D3-BF4B-00C04F79EFBC}") = "RewardProgramAPI.Tests", "RewardProgramAPI.Tests\RewardProgramAPI.Tests.csproj", "{CD9E459C-FBF5-4ABC-806A-1D79E3439181}"
EndProject
Global
	GlobalSection(SolutionConfigurationPlatforms) = preSolution
		Debug|Any CPU = Debug|Any CPU
		Release|Any CPU = Release|Any CPU
	EndGlobalSection
	GlobalSection(ProjectConfigurationPlatforms) = postSolution
		{1E7F0613-3C12-44AE-BB31-A6F47C830B6F}.Debug|Any CPU.ActiveCfg = Debug|Any CPU
		{1E7F0613-3C12-44AE-BB31-A6F47C830B6F}.Debug|Any CPU.Build.0 = Debug|Any CPU
		{1E7F0613-3C12-44AE-BB31-A6F47C830B6F}.Release|Any CPU.ActiveCfg = Release|Any CPU
		{1E7F0613-3C12-44AE-BB31-A6F47C830B6F}.Release|Any CPU.Build.0 = Release|Any CPU
		{CD9E459C-FBF5-4ABC-806A-1D79E3439181}.Debug|Any CPU.ActiveCfg = Debug|Any CPU
		{CD9E459C-FBF5-4ABC-806A-1D79E3439181}.Debug|Any CPU.Build.0 = Debug|Any CPU
		{CD9E459C-FBF5-4ABC-806A-1D79E3439181}.Release|Any CPU.ActiveCfg = Release|Any CPU
		{CD9E459C-FBF5-4ABC-806A-1D79E3439181}.Release|Any CPU.Build.0 = Release|Any CPU
	EndGlobalSection
	GlobalSection(SolutionProperties) = preSolution
		HideSolutionNode = FALSE
	EndGlobalSection
	GlobalSection(ExtensibilityGlobals) = postSolution
		SolutionGuid = {4A1A8815-5D53-4646-827B-19A72362DD88}
	EndGlobalSection
EndGlobal
